
Microsoft Visual Studio Solution File, Format Version 12.00
# Visual Studio 2017
Project("{FAE04EC0-301F-11D3-BF4B-00C04F79EFBC}") = "SimpleRPG.Plugins", "SimpleRPG.Plugins.csproj", "{DF0E1C76-6D8F-B916-3CD0-E64ED4D2C49D}"
EndProject
Project("{FAE04EC0-301F-11D3-BF4B-00C04F79EFBC}") = "SimpleRPG", "SimpleRPG.csproj", "{9C8351EB-39F0-43A5-BB78-13C79F22737F}"
EndProject
Project("{FAE04EC0-301F-11D3-BF4B-00C04F79EFBC}") = "SimpleRPG.Editor.Plugins", "SimpleRPG.Editor.Plugins.csproj", "{5EA1D890-6AC9-D72C-321F-C60FFA379392}"
EndProject
Global
	GlobalSection(SolutionConfigurationPlatforms) = preSolution
		Debug|Any CPU = Debug|Any CPU
		Release|Any CPU = Release|Any CPU
	EndGlobalSection
	GlobalSection(ProjectConfigurationPlatforms) = postSolution
		{DF0E1C76-6D8F-B916-3CD0-E64ED4D2C49D}.Debug|Any CPU.ActiveCfg = Debug|Any CPU
		{DF0E1C76-6D8F-B916-3CD0-E64ED4D2C49D}.Debug|Any CPU.Build.0 = Debug|Any CPU
		{DF0E1C76-6D8F-B916-3CD0-E64ED4D2C49D}.Release|Any CPU.ActiveCfg = Release|Any CPU
		{DF0E1C76-6D8F-B916-3CD0-E64ED4D2C49D}.Release|Any CPU.Build.0 = Release|Any CPU
		{9C8351EB-39F0-43A5-BB78-13C79F22737F}.Debug|Any CPU.ActiveCfg = Debug|Any CPU
		{9C8351EB-39F0-43A5-BB78-13C79F22737F}.Debug|Any CPU.Build.0 = Debug|Any CPU
		{9C8351EB-39F0-43A5-BB78-13C79F22737F}.Release|Any CPU.ActiveCfg = Release|Any CPU
		{9C8351EB-39F0-43A5-BB78-13C79F22737F}.Release|Any CPU.Build.0 = Release|Any CPU
		{5EA1D890-6AC9-D72C-321F-C60FFA379392}.Debug|Any CPU.ActiveCfg = Debug|Any CPU
		{5EA1D890-6AC9-D72C-321F-C60FFA379392}.Debug|Any CPU.Build.0 = Debug|Any CPU
		{5EA1D890-6AC9-D72C-321F-C60FFA379392}.Release|Any CPU.ActiveCfg = Release|Any CPU
		{5EA1D890-6AC9-D72C-321F-C60FFA379392}.Release|Any CPU.Build.0 = Release|Any CPU
	EndGlobalSection
	GlobalSection(SolutionProperties) = preSolution
		HideSolutionNode = FALSE
	EndGlobalSection
EndGlobal
